
Microsoft Visual Studio Solution File, Format Version 12.00
# Visual Studio 14
VisualStudioVersion = 14.0.22823.1
MinimumVisualStudioVersion = 10.0.40219.1
Project("{FAE04EC0-301F-11D3-BF4B-00C04F79EFBC}") = "5ECharacterBuilder", "5ECharacterBuilder\5ECharacterBuilder.csproj", "{D14D1121-065D-470D-9605-8D3370B4046E}"
EndProject
Project("{FAE04EC0-301F-11D3-BF4B-00C04F79EFBC}") = "5ECharacterBuilderTests", "5ECharacterBuilderTests\5ECharacterBuilderTests.csproj", "{B4387DE1-99D9-4918-A0EF-DCFCA2E1A7D8}"
EndProject
Project("{FAE04EC0-301F-11D3-BF4B-00C04F79EFBC}") = "ExampleFrontEnd", "ExampleFrontEnd\ExampleFrontEnd.csproj", "{4629FE07-02BC-46AB-94F9-80D0C935DD20}"
EndProject
Project("{FAE04EC0-301F-11D3-BF4B-00C04F79EFBC}") = "SimpleExampleFrontEnd", "SimpleExampleFrontEnd\SimpleExampleFrontEnd.csproj", "{BDF1CAE6-722A-4F36-9BFE-1B311920E0C2}"
EndProject
Project("{FAE04EC0-301F-11D3-BF4B-00C04F79EFBC}") = "NetFrontEnd", "NetFrontEnd\NetFrontEnd.csproj", "{5B21D06C-38D3-40FE-87B2-D51E59F50A01}"
EndProject
Project("{FAE04EC0-301F-11D3-BF4B-00C04F79EFBC}") = "MvcFrontEnd", "MvcFrontEnd\MvcFrontEnd.csproj", "{F045400F-E8B2-4ECA-A830-4EE73533F087}"
EndProject
Project("{8BB2217D-0F2D-49D1-97BC-3654ED321F3B}") = "Mvc5FrontEnd", "Mvc5FrontEnd\Mvc5FrontEnd.xproj", "{AD08FA5D-AD86-4507-AA28-5C795F6A6A53}"
EndProject
Project("{8BB2217D-0F2D-49D1-97BC-3654ED321F3B}") = "MVC5Library", "MVC5Library\MVC5Library.xproj", "{8DC1FF7A-3531-4104-A364-1589BEDBFEC6}"
EndProject
Global
	GlobalSection(SolutionConfigurationPlatforms) = preSolution
		Debug|Any CPU = Debug|Any CPU
		Release|Any CPU = Release|Any CPU
	EndGlobalSection
	GlobalSection(ProjectConfigurationPlatforms) = postSolution
		{D14D1121-065D-470D-9605-8D3370B4046E}.Debug|Any CPU.ActiveCfg = Debug|Any CPU
		{D14D1121-065D-470D-9605-8D3370B4046E}.Debug|Any CPU.Build.0 = Debug|Any CPU
		{D14D1121-065D-470D-9605-8D3370B4046E}.Release|Any CPU.ActiveCfg = Release|Any CPU
		{D14D1121-065D-470D-9605-8D3370B4046E}.Release|Any CPU.Build.0 = Release|Any CPU
		{B4387DE1-99D9-4918-A0EF-DCFCA2E1A7D8}.Debug|Any CPU.ActiveCfg = Debug|Any CPU
		{B4387DE1-99D9-4918-A0EF-DCFCA2E1A7D8}.Debug|Any CPU.Build.0 = Debug|Any CPU
		{B4387DE1-99D9-4918-A0EF-DCFCA2E1A7D8}.Release|Any CPU.ActiveCfg = Release|Any CPU
		{B4387DE1-99D9-4918-A0EF-DCFCA2E1A7D8}.Release|Any CPU.Build.0 = Release|Any CPU
		{4629FE07-02BC-46AB-94F9-80D0C935DD20}.Debug|Any CPU.ActiveCfg = Debug|Any CPU
		{4629FE07-02BC-46AB-94F9-80D0C935DD20}.Debug|Any CPU.Build.0 = Debug|Any CPU
		{4629FE07-02BC-46AB-94F9-80D0C935DD20}.Release|Any CPU.ActiveCfg = Release|Any CPU
		{4629FE07-02BC-46AB-94F9-80D0C935DD20}.Release|Any CPU.Build.0 = Release|Any CPU
		{BDF1CAE6-722A-4F36-9BFE-1B311920E0C2}.Debug|Any CPU.ActiveCfg = Debug|Any CPU
		{BDF1CAE6-722A-4F36-9BFE-1B311920E0C2}.Debug|Any CPU.Build.0 = Debug|Any CPU
		{BDF1CAE6-722A-4F36-9BFE-1B311920E0C2}.Release|Any CPU.ActiveCfg = Release|Any CPU
		{BDF1CAE6-722A-4F36-9BFE-1B311920E0C2}.Release|Any CPU.Build.0 = Release|Any CPU
		{5B21D06C-38D3-40FE-87B2-D51E59F50A01}.Debug|Any CPU.ActiveCfg = Debug|Any CPU
		{5B21D06C-38D3-40FE-87B2-D51E59F50A01}.Debug|Any CPU.Build.0 = Debug|Any CPU
		{5B21D06C-38D3-40FE-87B2-D51E59F50A01}.Release|Any CPU.ActiveCfg = Release|Any CPU
		{5B21D06C-38D3-40FE-87B2-D51E59F50A01}.Release|Any CPU.Build.0 = Release|Any CPU
		{F045400F-E8B2-4ECA-A830-4EE73533F087}.Debug|Any CPU.ActiveCfg = Debug|Any CPU
		{F045400F-E8B2-4ECA-A830-4EE73533F087}.Debug|Any CPU.Build.0 = Debug|Any CPU
		{F045400F-E8B2-4ECA-A830-4EE73533F087}.Release|Any CPU.ActiveCfg = Release|Any CPU
		{F045400F-E8B2-4ECA-A830-4EE73533F087}.Release|Any CPU.Build.0 = Release|Any CPU
		{AD08FA5D-AD86-4507-AA28-5C795F6A6A53}.Debug|Any CPU.ActiveCfg = Debug|Any CPU
		{AD08FA5D-AD86-4507-AA28-5C795F6A6A53}.Debug|Any CPU.Build.0 = Debug|Any CPU
		{AD08FA5D-AD86-4507-AA28-5C795F6A6A53}.Release|Any CPU.ActiveCfg = Release|Any CPU
		{AD08FA5D-AD86-4507-AA28-5C795F6A6A53}.Release|Any CPU.Build.0 = Release|Any CPU
		{8DC1FF7A-3531-4104-A364-1589BEDBFEC6}.Debug|Any CPU.ActiveCfg = Debug|Any CPU
		{8DC1FF7A-3531-4104-A364-1589BEDBFEC6}.Debug|Any CPU.Build.0 = Debug|Any CPU
		{8DC1FF7A-3531-4104-A364-1589BEDBFEC6}.Release|Any CPU.ActiveCfg = Release|Any CPU
		{8DC1FF7A-3531-4104-A364-1589BEDBFEC6}.Release|Any CPU.Build.0 = Release|Any CPU
	EndGlobalSection
	GlobalSection(SolutionProperties) = preSolution
		HideSolutionNode = FALSE
	EndGlobalSection
EndGlobal
