
Microsoft Visual Studio Solution File, Format Version 12.00
# Visual Studio 2013
VisualStudioVersion = 12.0.31101.0
MinimumVisualStudioVersion = 10.0.40219.1
Project("{FAE04EC0-301F-11D3-BF4B-00C04F79EFBC}") = "5ECharacterBuilder", "5ECharacterBuilder\5ECharacterBuilder.csproj", "{D14D1121-065D-470D-9605-8D3370B4046E}"
EndProject
Project("{FAE04EC0-301F-11D3-BF4B-00C04F79EFBC}") = "5ECharacterBuilderTests", "5ECharacterBuilderTests\5ECharacterBuilderTests.csproj", "{B4387DE1-99D9-4918-A0EF-DCFCA2E1A7D8}"
EndProject
Project("{FAE04EC0-301F-11D3-BF4B-00C04F79EFBC}") = "ExampleFrontEnd", "ExampleFrontEnd\ExampleFrontEnd.csproj", "{4629FE07-02BC-46AB-94F9-80D0C935DD20}"
EndProject
Project("{FAE04EC0-301F-11D3-BF4B-00C04F79EFBC}") = "SimpleExampleFrontEnd", "SimpleExampleFrontEnd\SimpleExampleFrontEnd.csproj", "{BDF1CAE6-722A-4F36-9BFE-1B311920E0C2}"
EndProject
Global
	GlobalSection(SolutionConfigurationPlatforms) = preSolution
		Debug|Any CPU = Debug|Any CPU
		Release|Any CPU = Release|Any CPU
	EndGlobalSection
	GlobalSection(ProjectConfigurationPlatforms) = postSolution
		{D14D1121-065D-470D-9605-8D3370B4046E}.Debug|Any CPU.ActiveCfg = Debug|Any CPU
		{D14D1121-065D-470D-9605-8D3370B4046E}.Debug|Any CPU.Build.0 = Debug|Any CPU
		{D14D1121-065D-470D-9605-8D3370B4046E}.Release|Any CPU.ActiveCfg = Release|Any CPU
		{D14D1121-065D-470D-9605-8D3370B4046E}.Release|Any CPU.Build.0 = Release|Any CPU
		{B4387DE1-99D9-4918-A0EF-DCFCA2E1A7D8}.Debug|Any CPU.ActiveCfg = Debug|Any CPU
		{B4387DE1-99D9-4918-A0EF-DCFCA2E1A7D8}.Debug|Any CPU.Build.0 = Debug|Any CPU
		{B4387DE1-99D9-4918-A0EF-DCFCA2E1A7D8}.Release|Any CPU.ActiveCfg = Release|Any CPU
		{B4387DE1-99D9-4918-A0EF-DCFCA2E1A7D8}.Release|Any CPU.Build.0 = Release|Any CPU
		{4629FE07-02BC-46AB-94F9-80D0C935DD20}.Debug|Any CPU.ActiveCfg = Debug|Any CPU
		{4629FE07-02BC-46AB-94F9-80D0C935DD20}.Debug|Any CPU.Build.0 = Debug|Any CPU
		{4629FE07-02BC-46AB-94F9-80D0C935DD20}.Release|Any CPU.ActiveCfg = Release|Any CPU
		{4629FE07-02BC-46AB-94F9-80D0C935DD20}.Release|Any CPU.Build.0 = Release|Any CPU
		{BDF1CAE6-722A-4F36-9BFE-1B311920E0C2}.Debug|Any CPU.ActiveCfg = Debug|Any CPU
		{BDF1CAE6-722A-4F36-9BFE-1B311920E0C2}.Debug|Any CPU.Build.0 = Debug|Any CPU
		{BDF1CAE6-722A-4F36-9BFE-1B311920E0C2}.Release|Any CPU.ActiveCfg = Release|Any CPU
		{BDF1CAE6-722A-4F36-9BFE-1B311920E0C2}.Release|Any CPU.Build.0 = Release|Any CPU
	EndGlobalSection
	GlobalSection(SolutionProperties) = preSolution
		HideSolutionNode = FALSE
	EndGlobalSection
EndGlobal
